
Microsoft Visual Studio Solution File, Format Version 12.00
# Visual Studio 14
VisualStudioVersion = 14.0.23107.0
MinimumVisualStudioVersion = 10.0.40219.1
Project("{FAE04EC0-301F-11D3-BF4B-00C04F79EFBC}") = "01.KnapsackProblem", "01.KnapsackProblem\01.KnapsackProblem.csproj", "{C0722A86-AED8-489B-8A71-D0D10EC4ACCD}"
EndProject
Global
	GlobalSection(SolutionConfigurationPlatforms) = preSolution
		Debug|Any CPU = Debug|Any CPU
		Release|Any CPU = Release|Any CPU
	EndGlobalSection
	GlobalSection(ProjectConfigurationPlatforms) = postSolution
		{C0722A86-AED8-489B-8A71-D0D10EC4ACCD}.Debug|Any CPU.ActiveCfg = Debug|Any CPU
		{C0722A86-AED8-489B-8A71-D0D10EC4ACCD}.Debug|Any CPU.Build.0 = Debug|Any CPU
		{C0722A86-AED8-489B-8A71-D0D10EC4ACCD}.Release|Any CPU.ActiveCfg = Release|Any CPU
		{C0722A86-AED8-489B-8A71-D0D10EC4ACCD}.Release|Any CPU.Build.0 = Release|Any CPU
	EndGlobalSection
	GlobalSection(SolutionProperties) = preSolution
		HideSolutionNode = FALSE
	EndGlobalSection
EndGlobal
