
Microsoft Visual Studio Solution File, Format Version 12.00
# Visual Studio 14
VisualStudioVersion = 14.0.23107.0
MinimumVisualStudioVersion = 10.0.40219.1
Project("{FAE04EC0-301F-11D3-BF4B-00C04F79EFBC}") = "01.KnapsackProblem", "01.KnapsackProblem\01.KnapsackProblem.csproj", "{C0722A86-AED8-489B-8A71-D0D10EC4ACCD}"
EndProject
Project("{FAE04EC0-301F-11D3-BF4B-00C04F79EFBC}") = "Tribonacci", "Tribonacci\Tribonacci.csproj", "{6765C08B-4238-41C3-B707-E5AA5125040C}"
EndProject
Project("{FAE04EC0-301F-11D3-BF4B-00C04F79EFBC}") = "SuperSum", "SuperSum\SuperSum.csproj", "{2FFA4F90-29CC-469D-8667-C821BC7FCB57}"
EndProject
Project("{FAE04EC0-301F-11D3-BF4B-00C04F79EFBC}") = "GameOfLife", "GameOfLife\GameOfLife.csproj", "{96B67A4D-A050-4C20-94EF-3A7504764454}"
EndProject
Global
	GlobalSection(SolutionConfigurationPlatforms) = preSolution
		Debug|Any CPU = Debug|Any CPU
		Release|Any CPU = Release|Any CPU
	EndGlobalSection
	GlobalSection(ProjectConfigurationPlatforms) = postSolution
		{C0722A86-AED8-489B-8A71-D0D10EC4ACCD}.Debug|Any CPU.ActiveCfg = Debug|Any CPU
		{C0722A86-AED8-489B-8A71-D0D10EC4ACCD}.Debug|Any CPU.Build.0 = Debug|Any CPU
		{C0722A86-AED8-489B-8A71-D0D10EC4ACCD}.Release|Any CPU.ActiveCfg = Release|Any CPU
		{C0722A86-AED8-489B-8A71-D0D10EC4ACCD}.Release|Any CPU.Build.0 = Release|Any CPU
		{6765C08B-4238-41C3-B707-E5AA5125040C}.Debug|Any CPU.ActiveCfg = Debug|Any CPU
		{6765C08B-4238-41C3-B707-E5AA5125040C}.Debug|Any CPU.Build.0 = Debug|Any CPU
		{6765C08B-4238-41C3-B707-E5AA5125040C}.Release|Any CPU.ActiveCfg = Release|Any CPU
		{6765C08B-4238-41C3-B707-E5AA5125040C}.Release|Any CPU.Build.0 = Release|Any CPU
		{2FFA4F90-29CC-469D-8667-C821BC7FCB57}.Debug|Any CPU.ActiveCfg = Debug|Any CPU
		{2FFA4F90-29CC-469D-8667-C821BC7FCB57}.Debug|Any CPU.Build.0 = Debug|Any CPU
		{2FFA4F90-29CC-469D-8667-C821BC7FCB57}.Release|Any CPU.ActiveCfg = Release|Any CPU
		{2FFA4F90-29CC-469D-8667-C821BC7FCB57}.Release|Any CPU.Build.0 = Release|Any CPU
		{96B67A4D-A050-4C20-94EF-3A7504764454}.Debug|Any CPU.ActiveCfg = Debug|Any CPU
		{96B67A4D-A050-4C20-94EF-3A7504764454}.Debug|Any CPU.Build.0 = Debug|Any CPU
		{96B67A4D-A050-4C20-94EF-3A7504764454}.Release|Any CPU.ActiveCfg = Release|Any CPU
		{96B67A4D-A050-4C20-94EF-3A7504764454}.Release|Any CPU.Build.0 = Release|Any CPU
	EndGlobalSection
	GlobalSection(SolutionProperties) = preSolution
		HideSolutionNode = FALSE
	EndGlobalSection
EndGlobal
