
Microsoft Visual Studio Solution File, Format Version 12.00
# Visual Studio 14
VisualStudioVersion = 14.0.23107.0
MinimumVisualStudioVersion = 10.0.40219.1
Project("{FAE04EC0-301F-11D3-BF4B-00C04F79EFBC}") = "AudioSystem.Models", "AudioSystem.Models\AudioSystem.Models.csproj", "{466CD996-81B4-48F4-B3D9-F21422C83E6F}"
EndProject
Project("{FAE04EC0-301F-11D3-BF4B-00C04F79EFBC}") = "AudioSystem.Data", "AudioSystem.Data\AudioSystem.Data.csproj", "{C989EE69-EBD9-4268-A9C1-DDABC50E0C84}"
EndProject
Project("{FAE04EC0-301F-11D3-BF4B-00C04F79EFBC}") = "AudioSystem.Api", "AudioSystem.Api\AudioSystem.Api.csproj", "{2759E288-6B54-4F9A-A7F8-4DB3424818E7}"
EndProject
Global
	GlobalSection(SolutionConfigurationPlatforms) = preSolution
		Debug|Any CPU = Debug|Any CPU
		Release|Any CPU = Release|Any CPU
	EndGlobalSection
	GlobalSection(ProjectConfigurationPlatforms) = postSolution
		{466CD996-81B4-48F4-B3D9-F21422C83E6F}.Debug|Any CPU.ActiveCfg = Debug|Any CPU
		{466CD996-81B4-48F4-B3D9-F21422C83E6F}.Debug|Any CPU.Build.0 = Debug|Any CPU
		{466CD996-81B4-48F4-B3D9-F21422C83E6F}.Release|Any CPU.ActiveCfg = Release|Any CPU
		{466CD996-81B4-48F4-B3D9-F21422C83E6F}.Release|Any CPU.Build.0 = Release|Any CPU
		{C989EE69-EBD9-4268-A9C1-DDABC50E0C84}.Debug|Any CPU.ActiveCfg = Debug|Any CPU
		{C989EE69-EBD9-4268-A9C1-DDABC50E0C84}.Debug|Any CPU.Build.0 = Debug|Any CPU
		{C989EE69-EBD9-4268-A9C1-DDABC50E0C84}.Release|Any CPU.ActiveCfg = Release|Any CPU
		{C989EE69-EBD9-4268-A9C1-DDABC50E0C84}.Release|Any CPU.Build.0 = Release|Any CPU
		{2759E288-6B54-4F9A-A7F8-4DB3424818E7}.Debug|Any CPU.ActiveCfg = Debug|Any CPU
		{2759E288-6B54-4F9A-A7F8-4DB3424818E7}.Debug|Any CPU.Build.0 = Debug|Any CPU
		{2759E288-6B54-4F9A-A7F8-4DB3424818E7}.Release|Any CPU.ActiveCfg = Release|Any CPU
		{2759E288-6B54-4F9A-A7F8-4DB3424818E7}.Release|Any CPU.Build.0 = Release|Any CPU
	EndGlobalSection
	GlobalSection(SolutionProperties) = preSolution
		HideSolutionNode = FALSE
	EndGlobalSection
EndGlobal
