
Microsoft Visual Studio Solution File, Format Version 12.00
# Visual Studio 14
VisualStudioVersion = 14.0.23107.0
MinimumVisualStudioVersion = 10.0.40219.1
Project("{FAE04EC0-301F-11D3-BF4B-00C04F79EFBC}") = "01.Passwords", "01.Passwords\01.Passwords.csproj", "{559AB16C-62E3-4D76-B66D-DB3DE8DBF7AA}"
EndProject
Project("{FAE04EC0-301F-11D3-BF4B-00C04F79EFBC}") = "02.Rabbits", "02.Rabbits\02.Rabbits.csproj", "{7EC7B9CD-F9AA-4A28-A99A-BC23F3C7AE92}"
EndProject
Global
	GlobalSection(SolutionConfigurationPlatforms) = preSolution
		Debug|Any CPU = Debug|Any CPU
		Release|Any CPU = Release|Any CPU
	EndGlobalSection
	GlobalSection(ProjectConfigurationPlatforms) = postSolution
		{559AB16C-62E3-4D76-B66D-DB3DE8DBF7AA}.Debug|Any CPU.ActiveCfg = Debug|Any CPU
		{559AB16C-62E3-4D76-B66D-DB3DE8DBF7AA}.Debug|Any CPU.Build.0 = Debug|Any CPU
		{559AB16C-62E3-4D76-B66D-DB3DE8DBF7AA}.Release|Any CPU.ActiveCfg = Release|Any CPU
		{559AB16C-62E3-4D76-B66D-DB3DE8DBF7AA}.Release|Any CPU.Build.0 = Release|Any CPU
		{7EC7B9CD-F9AA-4A28-A99A-BC23F3C7AE92}.Debug|Any CPU.ActiveCfg = Debug|Any CPU
		{7EC7B9CD-F9AA-4A28-A99A-BC23F3C7AE92}.Debug|Any CPU.Build.0 = Debug|Any CPU
		{7EC7B9CD-F9AA-4A28-A99A-BC23F3C7AE92}.Release|Any CPU.ActiveCfg = Release|Any CPU
		{7EC7B9CD-F9AA-4A28-A99A-BC23F3C7AE92}.Release|Any CPU.Build.0 = Release|Any CPU
	EndGlobalSection
	GlobalSection(SolutionProperties) = preSolution
		HideSolutionNode = FALSE
	EndGlobalSection
EndGlobal
