
Microsoft Visual Studio Solution File, Format Version 12.00
# Visual Studio 14
VisualStudioVersion = 14.0.24720.0
MinimumVisualStudioVersion = 10.0.40219.1
Project("{FAE04EC0-301F-11D3-BF4B-00C04F79EFBC}") = "01.UserProfile", "01.UserProfile\01.UserProfile.csproj", "{4531C231-889D-4A9D-82FA-E7F37FD3253C}"
EndProject
Project("{FAE04EC0-301F-11D3-BF4B-00C04F79EFBC}") = "02.InternationalCompany", "02.InternationalCompany\02.InternationalCompany.csproj", "{D6216D4F-0E47-4AA2-8D6A-213E31CBA856}"
EndProject
Global
	GlobalSection(SolutionConfigurationPlatforms) = preSolution
		Debug|Any CPU = Debug|Any CPU
		Release|Any CPU = Release|Any CPU
	EndGlobalSection
	GlobalSection(ProjectConfigurationPlatforms) = postSolution
		{4531C231-889D-4A9D-82FA-E7F37FD3253C}.Debug|Any CPU.ActiveCfg = Debug|Any CPU
		{4531C231-889D-4A9D-82FA-E7F37FD3253C}.Debug|Any CPU.Build.0 = Debug|Any CPU
		{4531C231-889D-4A9D-82FA-E7F37FD3253C}.Release|Any CPU.ActiveCfg = Release|Any CPU
		{4531C231-889D-4A9D-82FA-E7F37FD3253C}.Release|Any CPU.Build.0 = Release|Any CPU
		{D6216D4F-0E47-4AA2-8D6A-213E31CBA856}.Debug|Any CPU.ActiveCfg = Debug|Any CPU
		{D6216D4F-0E47-4AA2-8D6A-213E31CBA856}.Debug|Any CPU.Build.0 = Debug|Any CPU
		{D6216D4F-0E47-4AA2-8D6A-213E31CBA856}.Release|Any CPU.ActiveCfg = Release|Any CPU
		{D6216D4F-0E47-4AA2-8D6A-213E31CBA856}.Release|Any CPU.Build.0 = Release|Any CPU
	EndGlobalSection
	GlobalSection(SolutionProperties) = preSolution
		HideSolutionNode = FALSE
	EndGlobalSection
EndGlobal
