
Microsoft Visual Studio Solution File, Format Version 12.00
# Visual Studio 14
VisualStudioVersion = 14.0.24720.0
MinimumVisualStudioVersion = 10.0.40219.1
Project("{FAE04EC0-301F-11D3-BF4B-00C04F79EFBC}") = "02.Todos.Web", "02.Todos.Web\02.Todos.Web.csproj", "{BEF21148-5850-43AE-8968-1DEBD9D4A0AC}"
EndProject
Project("{FAE04EC0-301F-11D3-BF4B-00C04F79EFBC}") = "02.Todos.Models", "02.Todos.Models\02.Todos.Models.csproj", "{1E180088-C168-4D51-80C4-8A4A385A5342}"
EndProject
Project("{FAE04EC0-301F-11D3-BF4B-00C04F79EFBC}") = "02.Todos.Data", "02.Todos.Data\02.Todos.Data.csproj", "{59AE51DD-2414-48DC-9955-7EA2FFB77309}"
EndProject
Global
	GlobalSection(SolutionConfigurationPlatforms) = preSolution
		Debug|Any CPU = Debug|Any CPU
		Release|Any CPU = Release|Any CPU
	EndGlobalSection
	GlobalSection(ProjectConfigurationPlatforms) = postSolution
		{BEF21148-5850-43AE-8968-1DEBD9D4A0AC}.Debug|Any CPU.ActiveCfg = Debug|Any CPU
		{BEF21148-5850-43AE-8968-1DEBD9D4A0AC}.Debug|Any CPU.Build.0 = Debug|Any CPU
		{BEF21148-5850-43AE-8968-1DEBD9D4A0AC}.Release|Any CPU.ActiveCfg = Release|Any CPU
		{BEF21148-5850-43AE-8968-1DEBD9D4A0AC}.Release|Any CPU.Build.0 = Release|Any CPU
		{1E180088-C168-4D51-80C4-8A4A385A5342}.Debug|Any CPU.ActiveCfg = Debug|Any CPU
		{1E180088-C168-4D51-80C4-8A4A385A5342}.Debug|Any CPU.Build.0 = Debug|Any CPU
		{1E180088-C168-4D51-80C4-8A4A385A5342}.Release|Any CPU.ActiveCfg = Release|Any CPU
		{1E180088-C168-4D51-80C4-8A4A385A5342}.Release|Any CPU.Build.0 = Release|Any CPU
		{59AE51DD-2414-48DC-9955-7EA2FFB77309}.Debug|Any CPU.ActiveCfg = Debug|Any CPU
		{59AE51DD-2414-48DC-9955-7EA2FFB77309}.Debug|Any CPU.Build.0 = Debug|Any CPU
		{59AE51DD-2414-48DC-9955-7EA2FFB77309}.Release|Any CPU.ActiveCfg = Release|Any CPU
		{59AE51DD-2414-48DC-9955-7EA2FFB77309}.Release|Any CPU.Build.0 = Release|Any CPU
	EndGlobalSection
	GlobalSection(SolutionProperties) = preSolution
		HideSolutionNode = FALSE
	EndGlobalSection
EndGlobal
