
Microsoft Visual Studio Solution File, Format Version 12.00
# Visual Studio 14
VisualStudioVersion = 14.0.24720.0
MinimumVisualStudioVersion = 10.0.40219.1
Project("{FAE04EC0-301F-11D3-BF4B-00C04F79EFBC}") = "01.PrintHello", "01.PrintHello\01.PrintHello.csproj", "{394E4AE5-C44E-4BC8-A17A-9C3C88C36560}"
EndProject
Project("{FAE04EC0-301F-11D3-BF4B-00C04F79EFBC}") = "02.SimpleWebFormsApp", "02.SimpleWebFormsApp\02.SimpleWebFormsApp.csproj", "{731F0AC7-31E0-426A-AC30-92A8398445BE}"
EndProject
Global
	GlobalSection(SolutionConfigurationPlatforms) = preSolution
		Debug|Any CPU = Debug|Any CPU
		Release|Any CPU = Release|Any CPU
	EndGlobalSection
	GlobalSection(ProjectConfigurationPlatforms) = postSolution
		{394E4AE5-C44E-4BC8-A17A-9C3C88C36560}.Debug|Any CPU.ActiveCfg = Debug|Any CPU
		{394E4AE5-C44E-4BC8-A17A-9C3C88C36560}.Debug|Any CPU.Build.0 = Debug|Any CPU
		{394E4AE5-C44E-4BC8-A17A-9C3C88C36560}.Release|Any CPU.ActiveCfg = Release|Any CPU
		{394E4AE5-C44E-4BC8-A17A-9C3C88C36560}.Release|Any CPU.Build.0 = Release|Any CPU
		{731F0AC7-31E0-426A-AC30-92A8398445BE}.Debug|Any CPU.ActiveCfg = Debug|Any CPU
		{731F0AC7-31E0-426A-AC30-92A8398445BE}.Debug|Any CPU.Build.0 = Debug|Any CPU
		{731F0AC7-31E0-426A-AC30-92A8398445BE}.Release|Any CPU.ActiveCfg = Release|Any CPU
		{731F0AC7-31E0-426A-AC30-92A8398445BE}.Release|Any CPU.Build.0 = Release|Any CPU
	EndGlobalSection
	GlobalSection(SolutionProperties) = preSolution
		HideSolutionNode = FALSE
	EndGlobalSection
EndGlobal
