
Microsoft Visual Studio Solution File, Format Version 12.00
# Visual Studio 14
VisualStudioVersion = 14.0.23107.0
MinimumVisualStudioVersion = 10.0.40219.1
Project("{FAE04EC0-301F-11D3-BF4B-00C04F79EFBC}") = "01.SimulateNestedLoops", "01.SimulateNestedLoops\01.SimulateNestedLoops.csproj", "{746AFB56-BA21-4528-A922-1BCF5588A840}"
EndProject
Project("{FAE04EC0-301F-11D3-BF4B-00C04F79EFBC}") = "02.GenerateCombinationsWithDuplicates", "02.GenerateCombinationsWithDuplicates\02.GenerateCombinationsWithDuplicates.csproj", "{2AEFB1A3-8BD1-4C0D-880E-4BD751E18530}"
EndProject
Project("{FAE04EC0-301F-11D3-BF4B-00C04F79EFBC}") = "03.GenerateCombinationsWithoutDuplications", "03.GenerateCombinationsWithoutDuplications\03.GenerateCombinationsWithoutDuplications.csproj", "{BC9CB5E3-0CB6-40D1-8882-5F211A70999C}"
EndProject
Project("{FAE04EC0-301F-11D3-BF4B-00C04F79EFBC}") = "04.Permutations", "04.Permutations\04.Permutations.csproj", "{FF43BB65-414C-443E-9883-72D08802B7E3}"
EndProject
Project("{FAE04EC0-301F-11D3-BF4B-00C04F79EFBC}") = "05.GenerateVariations", "05.GenerateVariations\05.GenerateVariations.csproj", "{DD49081E-B468-4759-B7C8-011B62919970}"
EndProject
Global
	GlobalSection(SolutionConfigurationPlatforms) = preSolution
		Debug|Any CPU = Debug|Any CPU
		Release|Any CPU = Release|Any CPU
	EndGlobalSection
	GlobalSection(ProjectConfigurationPlatforms) = postSolution
		{746AFB56-BA21-4528-A922-1BCF5588A840}.Debug|Any CPU.ActiveCfg = Debug|Any CPU
		{746AFB56-BA21-4528-A922-1BCF5588A840}.Debug|Any CPU.Build.0 = Debug|Any CPU
		{746AFB56-BA21-4528-A922-1BCF5588A840}.Release|Any CPU.ActiveCfg = Release|Any CPU
		{746AFB56-BA21-4528-A922-1BCF5588A840}.Release|Any CPU.Build.0 = Release|Any CPU
		{2AEFB1A3-8BD1-4C0D-880E-4BD751E18530}.Debug|Any CPU.ActiveCfg = Debug|Any CPU
		{2AEFB1A3-8BD1-4C0D-880E-4BD751E18530}.Debug|Any CPU.Build.0 = Debug|Any CPU
		{2AEFB1A3-8BD1-4C0D-880E-4BD751E18530}.Release|Any CPU.ActiveCfg = Release|Any CPU
		{2AEFB1A3-8BD1-4C0D-880E-4BD751E18530}.Release|Any CPU.Build.0 = Release|Any CPU
		{BC9CB5E3-0CB6-40D1-8882-5F211A70999C}.Debug|Any CPU.ActiveCfg = Debug|Any CPU
		{BC9CB5E3-0CB6-40D1-8882-5F211A70999C}.Debug|Any CPU.Build.0 = Debug|Any CPU
		{BC9CB5E3-0CB6-40D1-8882-5F211A70999C}.Release|Any CPU.ActiveCfg = Release|Any CPU
		{BC9CB5E3-0CB6-40D1-8882-5F211A70999C}.Release|Any CPU.Build.0 = Release|Any CPU
		{FF43BB65-414C-443E-9883-72D08802B7E3}.Debug|Any CPU.ActiveCfg = Debug|Any CPU
		{FF43BB65-414C-443E-9883-72D08802B7E3}.Debug|Any CPU.Build.0 = Debug|Any CPU
		{FF43BB65-414C-443E-9883-72D08802B7E3}.Release|Any CPU.ActiveCfg = Release|Any CPU
		{FF43BB65-414C-443E-9883-72D08802B7E3}.Release|Any CPU.Build.0 = Release|Any CPU
		{DD49081E-B468-4759-B7C8-011B62919970}.Debug|Any CPU.ActiveCfg = Debug|Any CPU
		{DD49081E-B468-4759-B7C8-011B62919970}.Debug|Any CPU.Build.0 = Debug|Any CPU
		{DD49081E-B468-4759-B7C8-011B62919970}.Release|Any CPU.ActiveCfg = Release|Any CPU
		{DD49081E-B468-4759-B7C8-011B62919970}.Release|Any CPU.Build.0 = Release|Any CPU
	EndGlobalSection
	GlobalSection(SolutionProperties) = preSolution
		HideSolutionNode = FALSE
	EndGlobalSection
EndGlobal
