
Microsoft Visual Studio Solution File, Format Version 12.00
# Visual Studio 14
VisualStudioVersion = 14.0.23107.0
MinimumVisualStudioVersion = 10.0.40219.1
Project("{FAE04EC0-301F-11D3-BF4B-00C04F79EFBC}") = "DayOfWeek", "DayOfWeek\DayOfWeek.csproj", "{B518617B-EC1D-496A-A7E6-840640DCD583}"
EndProject
Project("{FAE04EC0-301F-11D3-BF4B-00C04F79EFBC}") = "DayOfWeek.ConsoleClient", "DayOfWeek.ConsoleClient\DayOfWeek.ConsoleClient.csproj", "{F3E4AA70-6442-4BF5-9824-F6F1F0F37370}"
	ProjectSection(ProjectDependencies) = postProject
		{B518617B-EC1D-496A-A7E6-840640DCD583} = {B518617B-EC1D-496A-A7E6-840640DCD583}
	EndProjectSection
EndProject
Project("{FAE04EC0-301F-11D3-BF4B-00C04F79EFBC}") = "StringsOperations", "StringsOperations\StringsOperations.csproj", "{ACAAE314-82DE-4F42-BD0E-E58127E3C9B9}"
EndProject
Project("{FAE04EC0-301F-11D3-BF4B-00C04F79EFBC}") = "StringsOperations.HostingClient", "StringsOperations.HostingClient\StringsOperations.HostingClient.csproj", "{610DD466-F97A-4885-B114-673691B452CC}"
EndProject
Project("{FAE04EC0-301F-11D3-BF4B-00C04F79EFBC}") = "StringsOperations.ConsoleClient", "StringsOperations.ConsoleClient\StringsOperations.ConsoleClient.csproj", "{8578834C-891C-4BA7-90ED-21DFAD218A04}"
	ProjectSection(ProjectDependencies) = postProject
		{ACAAE314-82DE-4F42-BD0E-E58127E3C9B9} = {ACAAE314-82DE-4F42-BD0E-E58127E3C9B9}
	EndProjectSection
EndProject
Global
	GlobalSection(SolutionConfigurationPlatforms) = preSolution
		Debug|Any CPU = Debug|Any CPU
		Release|Any CPU = Release|Any CPU
	EndGlobalSection
	GlobalSection(ProjectConfigurationPlatforms) = postSolution
		{B518617B-EC1D-496A-A7E6-840640DCD583}.Debug|Any CPU.ActiveCfg = Debug|Any CPU
		{B518617B-EC1D-496A-A7E6-840640DCD583}.Debug|Any CPU.Build.0 = Debug|Any CPU
		{B518617B-EC1D-496A-A7E6-840640DCD583}.Release|Any CPU.ActiveCfg = Release|Any CPU
		{B518617B-EC1D-496A-A7E6-840640DCD583}.Release|Any CPU.Build.0 = Release|Any CPU
		{F3E4AA70-6442-4BF5-9824-F6F1F0F37370}.Debug|Any CPU.ActiveCfg = Debug|Any CPU
		{F3E4AA70-6442-4BF5-9824-F6F1F0F37370}.Debug|Any CPU.Build.0 = Debug|Any CPU
		{F3E4AA70-6442-4BF5-9824-F6F1F0F37370}.Release|Any CPU.ActiveCfg = Release|Any CPU
		{F3E4AA70-6442-4BF5-9824-F6F1F0F37370}.Release|Any CPU.Build.0 = Release|Any CPU
		{ACAAE314-82DE-4F42-BD0E-E58127E3C9B9}.Debug|Any CPU.ActiveCfg = Debug|Any CPU
		{ACAAE314-82DE-4F42-BD0E-E58127E3C9B9}.Debug|Any CPU.Build.0 = Debug|Any CPU
		{ACAAE314-82DE-4F42-BD0E-E58127E3C9B9}.Release|Any CPU.ActiveCfg = Release|Any CPU
		{ACAAE314-82DE-4F42-BD0E-E58127E3C9B9}.Release|Any CPU.Build.0 = Release|Any CPU
		{610DD466-F97A-4885-B114-673691B452CC}.Debug|Any CPU.ActiveCfg = Debug|Any CPU
		{610DD466-F97A-4885-B114-673691B452CC}.Debug|Any CPU.Build.0 = Debug|Any CPU
		{610DD466-F97A-4885-B114-673691B452CC}.Release|Any CPU.ActiveCfg = Release|Any CPU
		{610DD466-F97A-4885-B114-673691B452CC}.Release|Any CPU.Build.0 = Release|Any CPU
		{8578834C-891C-4BA7-90ED-21DFAD218A04}.Debug|Any CPU.ActiveCfg = Debug|Any CPU
		{8578834C-891C-4BA7-90ED-21DFAD218A04}.Debug|Any CPU.Build.0 = Debug|Any CPU
		{8578834C-891C-4BA7-90ED-21DFAD218A04}.Release|Any CPU.ActiveCfg = Release|Any CPU
		{8578834C-891C-4BA7-90ED-21DFAD218A04}.Release|Any CPU.Build.0 = Release|Any CPU
	EndGlobalSection
	GlobalSection(SolutionProperties) = preSolution
		HideSolutionNode = FALSE
	EndGlobalSection
EndGlobal
